
Microsoft Visual Studio Solution File, Format Version 12.00
# Visual Studio Version 17
VisualStudioVersion = 17.10.35004.147
MinimumVisualStudioVersion = 10.0.40219.1
Project("{FAE04EC0-301F-11D3-BF4B-00C04F79EFBC}") = "StudentsRecordApplication", "StudentsRecordApplication.csproj", "{622A8535-D3D4-4E38-9E7E-2DDFC981F247}"
EndProject
Project("{FAE04EC0-301F-11D3-BF4B-00C04F79EFBC}") = "Students.Data", "..\Students.Data\Students.Data.csproj", "{0C9CF30A-F468-4DFB-8F25-9B016923FC91}"
EndProject
Global
	GlobalSection(SolutionConfigurationPlatforms) = preSolution
		Debug|Any CPU = Debug|Any CPU
		Release|Any CPU = Release|Any CPU
	EndGlobalSection
	GlobalSection(ProjectConfigurationPlatforms) = postSolution
		{622A8535-D3D4-4E38-9E7E-2DDFC981F247}.Debug|Any CPU.ActiveCfg = Debug|Any CPU
		{622A8535-D3D4-4E38-9E7E-2DDFC981F247}.Debug|Any CPU.Build.0 = Debug|Any CPU
		{622A8535-D3D4-4E38-9E7E-2DDFC981F247}.Release|Any CPU.ActiveCfg = Release|Any CPU
		{622A8535-D3D4-4E38-9E7E-2DDFC981F247}.Release|Any CPU.Build.0 = Release|Any CPU
		{0C9CF30A-F468-4DFB-8F25-9B016923FC91}.Debug|Any CPU.ActiveCfg = Debug|Any CPU
		{0C9CF30A-F468-4DFB-8F25-9B016923FC91}.Debug|Any CPU.Build.0 = Debug|Any CPU
		{0C9CF30A-F468-4DFB-8F25-9B016923FC91}.Release|Any CPU.ActiveCfg = Release|Any CPU
		{0C9CF30A-F468-4DFB-8F25-9B016923FC91}.Release|Any CPU.Build.0 = Release|Any CPU
	EndGlobalSection
	GlobalSection(SolutionProperties) = preSolution
		HideSolutionNode = FALSE
	EndGlobalSection
	GlobalSection(ExtensibilityGlobals) = postSolution
		SolutionGuid = {5E14035D-8F2C-4899-9646-B291B74E5A51}
	EndGlobalSection
EndGlobal
